
Microsoft Visual Studio Solution File, Format Version 12.00
# Visual Studio 15
VisualStudioVersion = 15.0.26724.1
MinimumVisualStudioVersion = 10.0.40219.1
Project("{FAE04EC0-301F-11D3-BF4B-00C04F79EFBC}") = "AspNetCore2", "AspNetCore2\AspNetCore2.csproj", "{C158E435-D87A-4013-9ACB-0720F07750A0}"
EndProject
Global
	GlobalSection(SolutionConfigurationPlatforms) = preSolution
		Debug|Any CPU = Debug|Any CPU
		Release|Any CPU = Release|Any CPU
	EndGlobalSection
	GlobalSection(ProjectConfigurationPlatforms) = postSolution
		{C158E435-D87A-4013-9ACB-0720F07750A0}.Debug|Any CPU.ActiveCfg = Debug|Any CPU
		{C158E435-D87A-4013-9ACB-0720F07750A0}.Debug|Any CPU.Build.0 = Debug|Any CPU
		{C158E435-D87A-4013-9ACB-0720F07750A0}.Release|Any CPU.ActiveCfg = Release|Any CPU
		{C158E435-D87A-4013-9ACB-0720F07750A0}.Release|Any CPU.Build.0 = Release|Any CPU
	EndGlobalSection
	GlobalSection(SolutionProperties) = preSolution
		HideSolutionNode = FALSE
	EndGlobalSection
	GlobalSection(ExtensibilityGlobals) = postSolution
		SolutionGuid = {90B7D8B7-8ED4-43C0-8FA3-AC29817BF18F}
	EndGlobalSection
EndGlobal
